
Microsoft Visual Studio Solution File, Format Version 12.00
# Visual Studio Version 16
VisualStudioVersion = 16.0.30611.23
MinimumVisualStudioVersion = 10.0.40219.1
Project("{FAE04EC0-301F-11D3-BF4B-00C04F79EFBC}") = "BitcoinSettingGUI", "BitcoinSettingGUI\BitcoinSettingGUI.csproj", "{0E661B45-8C1B-45EF-B1D7-410D42E23E08}"
EndProject
Global
	GlobalSection(SolutionConfigurationPlatforms) = preSolution
		Debug|Any CPU = Debug|Any CPU
		Release|Any CPU = Release|Any CPU
	EndGlobalSection
	GlobalSection(ProjectConfigurationPlatforms) = postSolution
		{0E661B45-8C1B-45EF-B1D7-410D42E23E08}.Debug|Any CPU.ActiveCfg = Debug|Any CPU
		{0E661B45-8C1B-45EF-B1D7-410D42E23E08}.Debug|Any CPU.Build.0 = Debug|Any CPU
		{0E661B45-8C1B-45EF-B1D7-410D42E23E08}.Release|Any CPU.ActiveCfg = Release|Any CPU
		{0E661B45-8C1B-45EF-B1D7-410D42E23E08}.Release|Any CPU.Build.0 = Release|Any CPU
	EndGlobalSection
	GlobalSection(SolutionProperties) = preSolution
		HideSolutionNode = FALSE
	EndGlobalSection
	GlobalSection(ExtensibilityGlobals) = postSolution
		SolutionGuid = {3AD0BB0A-6449-43CE-8189-6049F9070B2F}
	EndGlobalSection
EndGlobal
